
Microsoft Visual Studio Solution File, Format Version 12.00
# Visual Studio 15
Project("{FAE04EC0-301F-11D3-BF4B-00C04F79EFBC}") = "Assembly-CSharp", "Assembly-CSharp.csproj", "{8CD5B354-4071-BC12-560E-D1B26449316E}"
EndProject
Project("{FAE04EC0-301F-11D3-BF4B-00C04F79EFBC}") = "Assembly-CSharp-Editor", "Assembly-CSharp-Editor.csproj", "{BF88785D-D1C3-FD50-5E5D-8DAA19BC9442}"
EndProject
Global
	GlobalSection(SolutionConfigurationPlatforms) = preSolution
		Debug|Any CPU = Debug|Any CPU
		Release|Any CPU = Release|Any CPU
	EndGlobalSection
	GlobalSection(ProjectConfigurationPlatforms) = postSolution
		{8CD5B354-4071-BC12-560E-D1B26449316E}.Debug|Any CPU.ActiveCfg = Debug|Any CPU
		{8CD5B354-4071-BC12-560E-D1B26449316E}.Debug|Any CPU.Build.0 = Debug|Any CPU
		{8CD5B354-4071-BC12-560E-D1B26449316E}.Release|Any CPU.ActiveCfg = Release|Any CPU
		{8CD5B354-4071-BC12-560E-D1B26449316E}.Release|Any CPU.Build.0 = Release|Any CPU
		{BF88785D-D1C3-FD50-5E5D-8DAA19BC9442}.Debug|Any CPU.ActiveCfg = Debug|Any CPU
		{BF88785D-D1C3-FD50-5E5D-8DAA19BC9442}.Debug|Any CPU.Build.0 = Debug|Any CPU
		{BF88785D-D1C3-FD50-5E5D-8DAA19BC9442}.Release|Any CPU.ActiveCfg = Release|Any CPU
		{BF88785D-D1C3-FD50-5E5D-8DAA19BC9442}.Release|Any CPU.Build.0 = Release|Any CPU
	EndGlobalSection
	GlobalSection(SolutionProperties) = preSolution
		HideSolutionNode = FALSE
	EndGlobalSection
EndGlobal
